
Microsoft Visual Studio Solution File, Format Version 12.00
# Visual Studio Version 16
VisualStudioVersion = 16.0.29123.88
MinimumVisualStudioVersion = 10.0.40219.1
Project("{FAE04EC0-301F-11D3-BF4B-00C04F79EFBC}") = "Task1", "Task1\Task1.csproj", "{37AE3ADD-5251-4374-8B5A-94F61331CC31}"
EndProject
Project("{FAE04EC0-301F-11D3-BF4B-00C04F79EFBC}") = "Task2", "Task2\Task2.csproj", "{2FAB0845-CB5A-4551-A9E3-CA4EEA8BEE1D}"
EndProject
Global
	GlobalSection(SolutionConfigurationPlatforms) = preSolution
		Debug|Any CPU = Debug|Any CPU
		Release|Any CPU = Release|Any CPU
	EndGlobalSection
	GlobalSection(ProjectConfigurationPlatforms) = postSolution
		{37AE3ADD-5251-4374-8B5A-94F61331CC31}.Debug|Any CPU.ActiveCfg = Debug|Any CPU
		{37AE3ADD-5251-4374-8B5A-94F61331CC31}.Debug|Any CPU.Build.0 = Debug|Any CPU
		{37AE3ADD-5251-4374-8B5A-94F61331CC31}.Release|Any CPU.ActiveCfg = Release|Any CPU
		{37AE3ADD-5251-4374-8B5A-94F61331CC31}.Release|Any CPU.Build.0 = Release|Any CPU
		{2FAB0845-CB5A-4551-A9E3-CA4EEA8BEE1D}.Debug|Any CPU.ActiveCfg = Debug|Any CPU
		{2FAB0845-CB5A-4551-A9E3-CA4EEA8BEE1D}.Debug|Any CPU.Build.0 = Debug|Any CPU
		{2FAB0845-CB5A-4551-A9E3-CA4EEA8BEE1D}.Release|Any CPU.ActiveCfg = Release|Any CPU
		{2FAB0845-CB5A-4551-A9E3-CA4EEA8BEE1D}.Release|Any CPU.Build.0 = Release|Any CPU
	EndGlobalSection
	GlobalSection(SolutionProperties) = preSolution
		HideSolutionNode = FALSE
	EndGlobalSection
	GlobalSection(ExtensibilityGlobals) = postSolution
		SolutionGuid = {5B8973C0-CC88-49EA-AA6C-2C472C899565}
	EndGlobalSection
EndGlobal
